PODS:
  - FBSnapshotTestCase (2.1.4):
    - FBSnapshotTestCase/SwiftSupport (= 2.1.4)
  - FBSnapshotTestCase/Core (2.1.4)
  - FBSnapshotTestCase/SwiftSupport (2.1.4):
    - FBSnapshotTestCase/Core
  - LBDecorationLayout (0.1.0)
  - Masonry (1.1.0)

DEPENDENCIES:
  - FBSnapshotTestCase
  - LBDecorationLayout (from `../`)
  - Masonry

SPEC REPOS:
  trunk:
    - FBSnapshotTestCase
    - Masonry

EXTERNAL SOURCES:
  LBDecorationLayout:
    :path: "../"

SPEC CHECKSUMS:
  FBSnapshotTestCase: 094f9f314decbabe373b87cc339bea235a63e07a
  LBDecorationLayout: f8e611103bbda87b79db2c14bd4e66b6d3700311
  Masonry: 678fab65091a9290e40e2832a55e7ab731aad201

PODFILE CHECKSUM: 8594f2f1fc5cd48a194ae020504df8ddf3c79265

COCOAPODS: 1.12.0
